PODS:
  - BucketList (0.1.4):
    - RNCryptor
  - RNCryptor (5.0.3)

DEPENDENCIES:
  - BucketList (from `../`)

SPEC REPOS:
  https://github.com/cocoapods/specs.git:
    - RNCryptor

EXTERNAL SOURCES:
  BucketList:
    :path: "../"

SPEC CHECKSUMS:
  BucketList: 6f53e9e588947f17b831f8aea4cfa1bb116d8a4f
  RNCryptor: c93d19029dcf7ff160aca0f24d6c9e7b0d82f664

PODFILE CHECKSUM: 6b5832be1ad73c3d6e14062ee392163bcb1f2e22

COCOAPODS: 1.5.3
